
Microsoft Visual Studio Solution File, Format Version 12.00
# Visual Studio Version 17
VisualStudioVersion = 17.1.32319.34
MinimumVisualStudioVersion = 10.0.40219.1
Project("{FAE04EC0-301F-11D3-BF4B-00C04F79EFBC}") = "5.gün", "5.gün\5.gün.csproj", "{4FB26A02-97EC-425B-94D2-58E366298996}"
EndProject
Global
	GlobalSection(SolutionConfigurationPlatforms) = preSolution
		Debug|Any CPU = Debug|Any CPU
		Release|Any CPU = Release|Any CPU
	EndGlobalSection
	GlobalSection(ProjectConfigurationPlatforms) = postSolution
		{4FB26A02-97EC-425B-94D2-58E366298996}.Debug|Any CPU.ActiveCfg = Debug|Any CPU
		{4FB26A02-97EC-425B-94D2-58E366298996}.Debug|Any CPU.Build.0 = Debug|Any CPU
		{4FB26A02-97EC-425B-94D2-58E366298996}.Release|Any CPU.ActiveCfg = Release|Any CPU
		{4FB26A02-97EC-425B-94D2-58E366298996}.Release|Any CPU.Build.0 = Release|Any CPU
	EndGlobalSection
	GlobalSection(SolutionProperties) = preSolution
		HideSolutionNode = FALSE
	EndGlobalSection
	GlobalSection(ExtensibilityGlobals) = postSolution
		SolutionGuid = {EAC9E54E-2F48-4582-B3D7-4DD4707E3819}
	EndGlobalSection
EndGlobal
